
Microsoft Visual Studio Solution File, Format Version 12.00
# Visual Studio Version 17
VisualStudioVersion = 17.5.33530.505
MinimumVisualStudioVersion = 10.0.40219.1
Project("{9A19103F-16F7-4668-BE54-9A1E7A4F7556}") = "Kuti_QKM_ST10103794_PROG6221_Part1", "Kuti_QKM_ST10103794_PROG6221_Part1\Kuti_QKM_ST10103794_PROG6221_Part1.csproj", "{F490E5B4-5964-45F4-9C08-37E9901649DA}"
EndProject
Project("{FAE04EC0-301F-11D3-BF4B-00C04F79EFBC}") = "Kuti_QKM_ST10103794_PROG6221_Part1Tests", "Kuti_QKM_ST10103794_PROG6221_Part1Tests\Kuti_QKM_ST10103794_PROG6221_Part1Tests.csproj", "{7CFF49CB-642A-4B67-98BC-90B77880912F}"
EndProject
Global
	GlobalSection(SolutionConfigurationPlatforms) = preSolution
		Debug|Any CPU = Debug|Any CPU
		Release|Any CPU = Release|Any CPU
	EndGlobalSection
	GlobalSection(ProjectConfigurationPlatforms) = postSolution
		{F490E5B4-5964-45F4-9C08-37E9901649DA}.Debug|Any CPU.ActiveCfg = Debug|Any CPU
		{F490E5B4-5964-45F4-9C08-37E9901649DA}.Debug|Any CPU.Build.0 = Debug|Any CPU
		{F490E5B4-5964-45F4-9C08-37E9901649DA}.Release|Any CPU.ActiveCfg = Release|Any CPU
		{F490E5B4-5964-45F4-9C08-37E9901649DA}.Release|Any CPU.Build.0 = Release|Any CPU
		{7CFF49CB-642A-4B67-98BC-90B77880912F}.Debug|Any CPU.ActiveCfg = Debug|Any CPU
		{7CFF49CB-642A-4B67-98BC-90B77880912F}.Debug|Any CPU.Build.0 = Debug|Any CPU
		{7CFF49CB-642A-4B67-98BC-90B77880912F}.Release|Any CPU.ActiveCfg = Release|Any CPU
		{7CFF49CB-642A-4B67-98BC-90B77880912F}.Release|Any CPU.Build.0 = Release|Any CPU
	EndGlobalSection
	GlobalSection(SolutionProperties) = preSolution
		HideSolutionNode = FALSE
	EndGlobalSection
	GlobalSection(ExtensibilityGlobals) = postSolution
		SolutionGuid = {BBD28BF3-1D13-4672-B814-736110D31645}
	EndGlobalSection
EndGlobal
